
Microsoft Visual Studio Solution File, Format Version 12.00
# Visual Studio Version 17
VisualStudioVersion = 17.14.36915.13 d17.14
MinimumVisualStudioVersion = 10.0.40219.1
Project("{FAE04EC0-301F-11D3-BF4B-00C04F79EFBC}") = "VehicleInventory.Domain", "VehicleInventory.Domain\VehicleInventory.Domain.csproj", "{23319098-5E56-4CF5-8ED0-67514E6226A7}"
EndProject
Project("{FAE04EC0-301F-11D3-BF4B-00C04F79EFBC}") = "VehicleInventory.Application", "VehicleInventory.Application\VehicleInventory.Application.csproj", "{77C211BB-F02E-464A-B411-E6BDF6CF20F8}"
EndProject
Project("{FAE04EC0-301F-11D3-BF4B-00C04F79EFBC}") = "VehicleInventory.Infrastructure", "VehicleInventory.Infrastructure\VehicleInventory.Infrastructure.csproj", "{ADD1EEA2-25BA-4CC5-8479-1F78B13F9BCF}"
EndProject
Project("{FAE04EC0-301F-11D3-BF4B-00C04F79EFBC}") = "VehicleInventory.API", "VehicleInventory.API\VehicleInventory.API.csproj", "{5A69A2EF-E6CA-4CE8-8BA0-314D3C05B52E}"
EndProject
Global
	GlobalSection(SolutionConfigurationPlatforms) = preSolution
		Debug|Any CPU = Debug|Any CPU
		Release|Any CPU = Release|Any CPU
	EndGlobalSection
	GlobalSection(ProjectConfigurationPlatforms) = postSolution
		{23319098-5E56-4CF5-8ED0-67514E6226A7}.Debug|Any CPU.ActiveCfg = Debug|Any CPU
		{23319098-5E56-4CF5-8ED0-67514E6226A7}.Debug|Any CPU.Build.0 = Debug|Any CPU
		{23319098-5E56-4CF5-8ED0-67514E6226A7}.Release|Any CPU.ActiveCfg = Release|Any CPU
		{23319098-5E56-4CF5-8ED0-67514E6226A7}.Release|Any CPU.Build.0 = Release|Any CPU
		{77C211BB-F02E-464A-B411-E6BDF6CF20F8}.Debug|Any CPU.ActiveCfg = Debug|Any CPU
		{77C211BB-F02E-464A-B411-E6BDF6CF20F8}.Debug|Any CPU.Build.0 = Debug|Any CPU
		{77C211BB-F02E-464A-B411-E6BDF6CF20F8}.Release|Any CPU.ActiveCfg = Release|Any CPU
		{77C211BB-F02E-464A-B411-E6BDF6CF20F8}.Release|Any CPU.Build.0 = Release|Any CPU
		{ADD1EEA2-25BA-4CC5-8479-1F78B13F9BCF}.Debug|Any CPU.ActiveCfg = Debug|Any CPU
		{ADD1EEA2-25BA-4CC5-8479-1F78B13F9BCF}.Debug|Any CPU.Build.0 = Debug|Any CPU
		{ADD1EEA2-25BA-4CC5-8479-1F78B13F9BCF}.Release|Any CPU.ActiveCfg = Release|Any CPU
		{ADD1EEA2-25BA-4CC5-8479-1F78B13F9BCF}.Release|Any CPU.Build.0 = Release|Any CPU
		{5A69A2EF-E6CA-4CE8-8BA0-314D3C05B52E}.Debug|Any CPU.ActiveCfg = Debug|Any CPU
		{5A69A2EF-E6CA-4CE8-8BA0-314D3C05B52E}.Debug|Any CPU.Build.0 = Debug|Any CPU
		{5A69A2EF-E6CA-4CE8-8BA0-314D3C05B52E}.Release|Any CPU.ActiveCfg = Release|Any CPU
		{5A69A2EF-E6CA-4CE8-8BA0-314D3C05B52E}.Release|Any CPU.Build.0 = Release|Any CPU
	EndGlobalSection
	GlobalSection(SolutionProperties) = preSolution
		HideSolutionNode = FALSE
	EndGlobalSection
	GlobalSection(ExtensibilityGlobals) = postSolution
		SolutionGuid = {6596B5D1-F03A-424B-B797-3BBE26EB194C}
	EndGlobalSection
EndGlobal
